
Microsoft Visual Studio Solution File, Format Version 12.00
# Visual Studio 2012
Project("{8BC9CEB8-8B4A-11D0-8D11-00A0C91BC942}") = "Lab5", "Lab5\Lab5.vcxproj", "{16A1F3E7-90F1-41F3-A474-9F24A3C5CC2C}"
EndProject
Global
	GlobalSection(SolutionConfigurationPlatforms) = preSolution
		Debug|Win32 = Debug|Win32
		Release|Win32 = Release|Win32
	EndGlobalSection
	GlobalSection(ProjectConfigurationPlatforms) = postSolution
		{16A1F3E7-90F1-41F3-A474-9F24A3C5CC2C}.Debug|Win32.ActiveCfg = Debug|Win32
		{16A1F3E7-90F1-41F3-A474-9F24A3C5CC2C}.Debug|Win32.Build.0 = Debug|Win32
		{16A1F3E7-90F1-41F3-A474-9F24A3C5CC2C}.Release|Win32.ActiveCfg = Release|Win32
		{16A1F3E7-90F1-41F3-A474-9F24A3C5CC2C}.Release|Win32.Build.0 = Release|Win32
	EndGlobalSection
	GlobalSection(SolutionProperties) = preSolution
		HideSolutionNode = FALSE
	EndGlobalSection
EndGlobal
